
Microsoft Visual Studio Solution File, Format Version 12.00
# Visual Studio 14
VisualStudioVersion = 14.0.25420.1
MinimumVisualStudioVersion = 10.0.40219.1
Project("{FAE04EC0-301F-11D3-BF4B-00C04F79EFBC}") = "Aurora.SMS.EFModel", "Aurora.SMS.EFModel\Aurora.SMS.EFModel.csproj", "{ACC24B1F-B706-4B15-95CA-8639E3956E53}"
EndProject
Project("{FAE04EC0-301F-11D3-BF4B-00C04F79EFBC}") = "Aurora.Core.Data", "..\Aurora.Core\Aurora.Core.Data\Aurora.Core.Data.csproj", "{31B2A3A7-E67E-4156-B216-5FB13C370910}"
EndProject
Project("{FAE04EC0-301F-11D3-BF4B-00C04F79EFBC}") = "Aurora.SMS.Service", "Aurora.SMS.Service\Aurora.SMS.Service.csproj", "{DED286C3-CC7A-4CF0-8902-8C947549E1BA}"
EndProject
Global
	GlobalSection(SolutionConfigurationPlatforms) = preSolution
		Debug|Any CPU = Debug|Any CPU
		Release|Any CPU = Release|Any CPU
	EndGlobalSection
	GlobalSection(ProjectConfigurationPlatforms) = postSolution
		{ACC24B1F-B706-4B15-95CA-8639E3956E53}.Debug|Any CPU.ActiveCfg = Debug|Any CPU
		{ACC24B1F-B706-4B15-95CA-8639E3956E53}.Debug|Any CPU.Build.0 = Debug|Any CPU
		{ACC24B1F-B706-4B15-95CA-8639E3956E53}.Release|Any CPU.ActiveCfg = Release|Any CPU
		{ACC24B1F-B706-4B15-95CA-8639E3956E53}.Release|Any CPU.Build.0 = Release|Any CPU
		{31B2A3A7-E67E-4156-B216-5FB13C370910}.Debug|Any CPU.ActiveCfg = Debug|Any CPU
		{31B2A3A7-E67E-4156-B216-5FB13C370910}.Debug|Any CPU.Build.0 = Debug|Any CPU
		{31B2A3A7-E67E-4156-B216-5FB13C370910}.Release|Any CPU.ActiveCfg = Release|Any CPU
		{31B2A3A7-E67E-4156-B216-5FB13C370910}.Release|Any CPU.Build.0 = Release|Any CPU
		{DED286C3-CC7A-4CF0-8902-8C947549E1BA}.Debug|Any CPU.ActiveCfg = Debug|Any CPU
		{DED286C3-CC7A-4CF0-8902-8C947549E1BA}.Debug|Any CPU.Build.0 = Debug|Any CPU
		{DED286C3-CC7A-4CF0-8902-8C947549E1BA}.Release|Any CPU.ActiveCfg = Release|Any CPU
		{DED286C3-CC7A-4CF0-8902-8C947549E1BA}.Release|Any CPU.Build.0 = Release|Any CPU
	EndGlobalSection
	GlobalSection(SolutionProperties) = preSolution
		HideSolutionNode = FALSE
	EndGlobalSection
EndGlobal
