
Microsoft Visual Studio Solution File, Format Version 12.00
# Visual Studio 14
VisualStudioVersion = 14.0.25420.1
MinimumVisualStudioVersion = 10.0.40219.1
Project("{FAE04EC0-301F-11D3-BF4B-00C04F79EFBC}") = "Aurora.Insurance.EFModel", "Aurora.Insurance.EFModel\Aurora.Insurance.EFModel.csproj", "{77A1EAAB-C06A-49AB-A57A-1FEA9FAE3EE3}"
EndProject
Project("{FAE04EC0-301F-11D3-BF4B-00C04F79EFBC}") = "Aurora.Core.Data", "..\Aurora.Core\Aurora.Core.Data\Aurora.Core.Data.csproj", "{31B2A3A7-E67E-4156-B216-5FB13C370910}"
EndProject
Project("{FAE04EC0-301F-11D3-BF4B-00C04F79EFBC}") = "Aurora.Insurance.Services", "Aurora.Insurance.Services\Aurora.Insurance.Services.csproj", "{095927C3-192A-43E4-8E62-55CFF50C9D57}"
EndProject
Project("{FAE04EC0-301F-11D3-BF4B-00C04F79EFBC}") = "Aurora.Insurance.Services.Test", "Aurora.Insurance.Services.Test\Aurora.Insurance.Services.Test.csproj", "{7FF4A357-FC16-44B4-ACC9-E646D9BFCFAB}"
EndProject
Global
	GlobalSection(SolutionConfigurationPlatforms) = preSolution
		Debug|Any CPU = Debug|Any CPU
		Release|Any CPU = Release|Any CPU
	EndGlobalSection
	GlobalSection(ProjectConfigurationPlatforms) = postSolution
		{77A1EAAB-C06A-49AB-A57A-1FEA9FAE3EE3}.Debug|Any CPU.ActiveCfg = Debug|Any CPU
		{77A1EAAB-C06A-49AB-A57A-1FEA9FAE3EE3}.Debug|Any CPU.Build.0 = Debug|Any CPU
		{77A1EAAB-C06A-49AB-A57A-1FEA9FAE3EE3}.Release|Any CPU.ActiveCfg = Release|Any CPU
		{77A1EAAB-C06A-49AB-A57A-1FEA9FAE3EE3}.Release|Any CPU.Build.0 = Release|Any CPU
		{31B2A3A7-E67E-4156-B216-5FB13C370910}.Debug|Any CPU.ActiveCfg = Debug|Any CPU
		{31B2A3A7-E67E-4156-B216-5FB13C370910}.Debug|Any CPU.Build.0 = Debug|Any CPU
		{31B2A3A7-E67E-4156-B216-5FB13C370910}.Release|Any CPU.ActiveCfg = Release|Any CPU
		{31B2A3A7-E67E-4156-B216-5FB13C370910}.Release|Any CPU.Build.0 = Release|Any CPU
		{095927C3-192A-43E4-8E62-55CFF50C9D57}.Debug|Any CPU.ActiveCfg = Debug|Any CPU
		{095927C3-192A-43E4-8E62-55CFF50C9D57}.Debug|Any CPU.Build.0 = Debug|Any CPU
		{095927C3-192A-43E4-8E62-55CFF50C9D57}.Release|Any CPU.ActiveCfg = Release|Any CPU
		{095927C3-192A-43E4-8E62-55CFF50C9D57}.Release|Any CPU.Build.0 = Release|Any CPU
		{7FF4A357-FC16-44B4-ACC9-E646D9BFCFAB}.Debug|Any CPU.ActiveCfg = Debug|Any CPU
		{7FF4A357-FC16-44B4-ACC9-E646D9BFCFAB}.Debug|Any CPU.Build.0 = Debug|Any CPU
		{7FF4A357-FC16-44B4-ACC9-E646D9BFCFAB}.Release|Any CPU.ActiveCfg = Release|Any CPU
		{7FF4A357-FC16-44B4-ACC9-E646D9BFCFAB}.Release|Any CPU.Build.0 = Release|Any CPU
	EndGlobalSection
	GlobalSection(SolutionProperties) = preSolution
		HideSolutionNode = FALSE
	EndGlobalSection
EndGlobal
